
Microsoft Visual Studio Solution File, Format Version 12.00
# Visual Studio 15
VisualStudioVersion = 15.0.27004.2005
MinimumVisualStudioVersion = 10.0.40219.1
Project("{8BC9CEB8-8B4A-11D0-8D11-00A0C91BC942}") = "Exporter", "Exporter\Exporter.vcxproj", "{D152C700-A17B-4226-BB37-621DA6F0DD72}"
EndProject
Project("{2150E333-8FDC-42A3-9474-1A3956D46DE8}") = "Test", "Test", "{83874D2B-8290-4EC3-9217-AD699AF891E1}"
EndProject
Project("{8BC9CEB8-8B4A-11D0-8D11-00A0C91BC942}") = "DllWithExports", "DllWithExports\DllWithExports.vcxproj", "{85C23929-0A9E-4478-8A2D-318BF66F0812}"
EndProject
Project("{8BC9CEB8-8B4A-11D0-8D11-00A0C91BC942}") = "DllWithoutExports", "DllWithoutExports\DllWithoutExports.vcxproj", "{7C93AF2D-D883-4B57-8098-7493EA8B84B0}"
EndProject
Project("{8BC9CEB8-8B4A-11D0-8D11-00A0C91BC942}") = "UnitTests", "UnitTests\UnitTests.vcxproj", "{30EE537D-E8D9-4810-B238-D5E35B658018}"
	ProjectSection(ProjectDependencies) = postProject
		{D152C700-A17B-4226-BB37-621DA6F0DD72} = {D152C700-A17B-4226-BB37-621DA6F0DD72}
		{85C23929-0A9E-4478-8A2D-318BF66F0812} = {85C23929-0A9E-4478-8A2D-318BF66F0812}
		{7C93AF2D-D883-4B57-8098-7493EA8B84B0} = {7C93AF2D-D883-4B57-8098-7493EA8B84B0}
	EndProjectSection
EndProject
Global
	GlobalSection(SolutionConfigurationPlatforms) = preSolution
		Debug|x64 = Debug|x64
		Debug|x86 = Debug|x86
		Release|x64 = Release|x64
		Release|x86 = Release|x86
	EndGlobalSection
	GlobalSection(ProjectConfigurationPlatforms) = postSolution
		{D152C700-A17B-4226-BB37-621DA6F0DD72}.Debug|x64.ActiveCfg = Debug|x64
		{D152C700-A17B-4226-BB37-621DA6F0DD72}.Debug|x64.Build.0 = Debug|x64
		{D152C700-A17B-4226-BB37-621DA6F0DD72}.Debug|x86.ActiveCfg = Debug|Win32
		{D152C700-A17B-4226-BB37-621DA6F0DD72}.Debug|x86.Build.0 = Debug|Win32
		{D152C700-A17B-4226-BB37-621DA6F0DD72}.Release|x64.ActiveCfg = Release|x64
		{D152C700-A17B-4226-BB37-621DA6F0DD72}.Release|x64.Build.0 = Release|x64
		{D152C700-A17B-4226-BB37-621DA6F0DD72}.Release|x86.ActiveCfg = Release|Win32
		{D152C700-A17B-4226-BB37-621DA6F0DD72}.Release|x86.Build.0 = Release|Win32
		{85C23929-0A9E-4478-8A2D-318BF66F0812}.Debug|x64.ActiveCfg = Debug|x64
		{85C23929-0A9E-4478-8A2D-318BF66F0812}.Debug|x64.Build.0 = Debug|x64
		{85C23929-0A9E-4478-8A2D-318BF66F0812}.Debug|x86.ActiveCfg = Debug|Win32
		{85C23929-0A9E-4478-8A2D-318BF66F0812}.Debug|x86.Build.0 = Debug|Win32
		{85C23929-0A9E-4478-8A2D-318BF66F0812}.Release|x64.ActiveCfg = Release|x64
		{85C23929-0A9E-4478-8A2D-318BF66F0812}.Release|x64.Build.0 = Release|x64
		{85C23929-0A9E-4478-8A2D-318BF66F0812}.Release|x86.ActiveCfg = Release|Win32
		{85C23929-0A9E-4478-8A2D-318BF66F0812}.Release|x86.Build.0 = Release|Win32
		{7C93AF2D-D883-4B57-8098-7493EA8B84B0}.Debug|x64.ActiveCfg = Debug|x64
		{7C93AF2D-D883-4B57-8098-7493EA8B84B0}.Debug|x64.Build.0 = Debug|x64
		{7C93AF2D-D883-4B57-8098-7493EA8B84B0}.Debug|x86.ActiveCfg = Debug|Win32
		{7C93AF2D-D883-4B57-8098-7493EA8B84B0}.Debug|x86.Build.0 = Debug|Win32
		{7C93AF2D-D883-4B57-8098-7493EA8B84B0}.Release|x64.ActiveCfg = Release|x64
		{7C93AF2D-D883-4B57-8098-7493EA8B84B0}.Release|x64.Build.0 = Release|x64
		{7C93AF2D-D883-4B57-8098-7493EA8B84B0}.Release|x86.ActiveCfg = Release|Win32
		{7C93AF2D-D883-4B57-8098-7493EA8B84B0}.Release|x86.Build.0 = Release|Win32
		{30EE537D-E8D9-4810-B238-D5E35B658018}.Debug|x64.ActiveCfg = Debug|x64
		{30EE537D-E8D9-4810-B238-D5E35B658018}.Debug|x64.Build.0 = Debug|x64
		{30EE537D-E8D9-4810-B238-D5E35B658018}.Debug|x86.ActiveCfg = Debug|Win32
		{30EE537D-E8D9-4810-B238-D5E35B658018}.Debug|x86.Build.0 = Debug|Win32
		{30EE537D-E8D9-4810-B238-D5E35B658018}.Release|x64.ActiveCfg = Release|x64
		{30EE537D-E8D9-4810-B238-D5E35B658018}.Release|x64.Build.0 = Release|x64
		{30EE537D-E8D9-4810-B238-D5E35B658018}.Release|x86.ActiveCfg = Release|Win32
		{30EE537D-E8D9-4810-B238-D5E35B658018}.Release|x86.Build.0 = Release|Win32
	EndGlobalSection
	GlobalSection(SolutionProperties) = preSolution
		HideSolutionNode = FALSE
	EndGlobalSection
	GlobalSection(NestedProjects) = preSolution
		{85C23929-0A9E-4478-8A2D-318BF66F0812} = {83874D2B-8290-4EC3-9217-AD699AF891E1}
		{7C93AF2D-D883-4B57-8098-7493EA8B84B0} = {83874D2B-8290-4EC3-9217-AD699AF891E1}
		{30EE537D-E8D9-4810-B238-D5E35B658018} = {83874D2B-8290-4EC3-9217-AD699AF891E1}
	EndGlobalSection
	GlobalSection(ExtensibilityGlobals) = postSolution
		SolutionGuid = {DEF08E69-A522-44E9-9906-EA6C41FB9419}
	EndGlobalSection
EndGlobal
